// !$*UTF8*$!
{
	archiveVersion = 1;
	classes = {
	};
	objectVersion = 56;
	objects = {

/* Begin PBXBuildFile section */
		02EED6AB2B0175B800009BDA /* StagingViewModel.swift in Sources */ = {isa = PBXBuildFile; fileRef = 02EED6AA2B0175B800009BDA /* StagingViewModel.swift */; };
		162682EC2AFD6E9300E71764 /* PrintweaveApp.swift in Sources */ = {isa = PBXBuildFile; fileRef = 162682EB2AFD6E9300E71764 /* PrintweaveApp.swift */; };
		162682F02AFD6E9400E71764 /* Assets.xcassets in Resources */ = {isa = PBXBuildFile; fileRef = 162682EF2AFD6E9400E71764 /* Assets.xcassets */; };
		162682F42AFD6E9400E71764 /* Preview Assets.xcassets in Resources */ = {isa = PBXBuildFile; fileRef = 162682F32AFD6E9400E71764 /* Preview Assets.xcassets */; };
		162682FE2AFD6E9500E71764 /* PrintweaveTests.swift in Sources */ = {isa = PBXBuildFile; fileRef = 162682FD2AFD6E9500E71764 /* PrintweaveTests.swift */; };
		162683082AFD6E9500E71764 /* PrintweaveUITests.swift in Sources */ = {isa = PBXBuildFile; fileRef = 162683072AFD6E9500E71764 /* PrintweaveUITests.swift */; };
		1626830A2AFD6E9500E71764 /* PrintweaveUITestsLaunchTests.swift in Sources */ = {isa = PBXBuildFile; fileRef = 162683092AFD6E9500E71764 /* PrintweaveUITestsLaunchTests.swift */; };
		1626833F2AFD9B7E00E71764 /* imgPreviewPhoto.jpg in Resources */ = {isa = PBXBuildFile; fileRef = 1626833E2AFD9B7E00E71764 /* imgPreviewPhoto.jpg */; };
		162683522AFE61FF00E71764 /* Margin.swift in Sources */ = {isa = PBXBuildFile; fileRef = 1626834E2AFE61FF00E71764 /* Margin.swift */; };
		162683532AFE61FF00E71764 /* LayoutParameters.swift in Sources */ = {isa = PBXBuildFile; fileRef = 1626834F2AFE61FF00E71764 /* LayoutParameters.swift */; };
		162683542AFE61FF00E71764 /* PrintSize.swift in Sources */ = {isa = PBXBuildFile; fileRef = 162683502AFE61FF00E71764 /* PrintSize.swift */; };
		162683552AFE61FF00E71764 /* Photo.swift in Sources */ = {isa = PBXBuildFile; fileRef = 162683512AFE61FF00E71764 /* Photo.swift */; };
		1626835A2AFE620700E71764 /* StagingPhotoContainerView.swift in Sources */ = {isa = PBXBuildFile; fileRef = 162683562AFE620700E71764 /* StagingPhotoContainerView.swift */; };
		1626835B2AFE620700E71764 /* StagingParameterView.swift in Sources */ = {isa = PBXBuildFile; fileRef = 162683572AFE620700E71764 /* StagingParameterView.swift */; };
		1626835C2AFE620700E71764 /* StagingView.swift in Sources */ = {isa = PBXBuildFile; fileRef = 162683582AFE620700E71764 /* StagingView.swift */; };
		1626835D2AFE620700E71764 /* StagingPhotoListView.swift in Sources */ = {isa = PBXBuildFile; fileRef = 162683592AFE620700E71764 /* StagingPhotoListView.swift */; };
		1626835F2AFE63F900E71764 /* StagingStatusView.swift in Sources */ = {isa = PBXBuildFile; fileRef = 1626835E2AFE63F900E71764 /* StagingStatusView.swift */; };
		162683612AFE64A700E71764 /* WeaveStatus.swift in Sources */ = {isa = PBXBuildFile; fileRef = 162683602AFE64A700E71764 /* WeaveStatus.swift */; };
/* End PBXBuildFile section */

/* Begin PBXContainerItemProxy section */
		162682FA2AFD6E9500E71764 /* PBXContainerItemProxy */ = {
			isa = PBXContainerItemProxy;
			containerPortal = 162682E02AFD6E9300E71764 /* Project object */;
			proxyType = 1;
			remoteGlobalIDString = 162682E72AFD6E9300E71764;
			remoteInfo = Printweave;
		};
		162683042AFD6E9500E71764 /* PBXContainerItemProxy */ = {
			isa = PBXContainerItemProxy;
			containerPortal = 162682E02AFD6E9300E71764 /* Project object */;
			proxyType = 1;
			remoteGlobalIDString = 162682E72AFD6E9300E71764;
			remoteInfo = Printweave;
		};
/* End PBXContainerItemProxy section */

/* Begin PBXFileReference section */
		02EED6AA2B0175B800009BDA /* StagingViewModel.swift */ = {isa = PBXFileReference; lastKnownFileType = sourcecode.swift; path = StagingViewModel.swift; sourceTree = "<group>"; };
		162682E82AFD6E9300E71764 /* Printweave.app */ = {isa = PBXFileReference; explicitFileType = wrapper.application; includeInIndex = 0; path = Printweave.app; sourceTree = BUILT_PRODUCTS_DIR; };
		162682EB2AFD6E9300E71764 /* PrintweaveApp.swift */ = {isa = PBXFileReference; lastKnownFileType = sourcecode.swift; path = PrintweaveApp.swift; sourceTree = "<group>"; };
		162682EF2AFD6E9400E71764 /* Assets.xcassets */ = {isa = PBXFileReference; lastKnownFileType = folder.assetcatalog; path = Assets.xcassets; sourceTree = "<group>"; };
		162682F12AFD6E9400E71764 /* Printweave.entitlements */ = {isa = PBXFileReference; lastKnownFileType = text.plist.entitlements; path = Printweave.entitlements; sourceTree = "<group>"; };
		162682F32AFD6E9400E71764 /* Preview Assets.xcassets */ = {isa = PBXFileReference; lastKnownFileType = folder.assetcatalog; path = "Preview Assets.xcassets"; sourceTree = "<group>"; };
		162682F92AFD6E9500E71764 /* PrintweaveTests.xctest */ = {isa = PBXFileReference; explicitFileType = wrapper.cfbundle; includeInIndex = 0; path = PrintweaveTests.xctest; sourceTree = BUILT_PRODUCTS_DIR; };
		162682FD2AFD6E9500E71764 /* PrintweaveTests.swift */ = {isa = PBXFileReference; lastKnownFileType = sourcecode.swift; path = PrintweaveTests.swift; sourceTree = "<group>"; };
		162683032AFD6E9500E71764 /* PrintweaveUITests.xctest */ = {isa = PBXFileReference; explicitFileType = wrapper.cfbundle; includeInIndex = 0; path = PrintweaveUITests.xctest; sourceTree = BUILT_PRODUCTS_DIR; };
		162683072AFD6E9500E71764 /* PrintweaveUITests.swift */ = {isa = PBXFileReference; lastKnownFileType = sourcecode.swift; path = PrintweaveUITests.swift; sourceTree = "<group>"; };
		162683092AFD6E9500E71764 /* PrintweaveUITestsLaunchTests.swift */ = {isa = PBXFileReference; lastKnownFileType = sourcecode.swift; path = PrintweaveUITestsLaunchTests.swift; sourceTree = "<group>"; };
		1626833E2AFD9B7E00E71764 /* imgPreviewPhoto.jpg */ = {isa = PBXFileReference; lastKnownFileType = image.jpeg; path = imgPreviewPhoto.jpg; sourceTree = "<group>"; };
		1626834E2AFE61FF00E71764 /* Margin.swift */ = {isa = PBXFileReference; fileEncoding = 4; lastKnownFileType = sourcecode.swift; path = Margin.swift; sourceTree = "<group>"; };
		1626834F2AFE61FF00E71764 /* LayoutParameters.swift */ = {isa = PBXFileReference; fileEncoding = 4; lastKnownFileType = sourcecode.swift; path = LayoutParameters.swift; sourceTree = "<group>"; };
		162683502AFE61FF00E71764 /* PrintSize.swift */ = {isa = PBXFileReference; fileEncoding = 4; lastKnownFileType = sourcecode.swift; path = PrintSize.swift; sourceTree = "<group>"; };
		162683512AFE61FF00E71764 /* Photo.swift */ = {isa = PBXFileReference; fileEncoding = 4; lastKnownFileType = sourcecode.swift; path = Photo.swift; sourceTree = "<group>"; };
		162683562AFE620700E71764 /* StagingPhotoContainerView.swift */ = {isa = PBXFileReference; fileEncoding = 4; lastKnownFileType = sourcecode.swift; path = StagingPhotoContainerView.swift; sourceTree = "<group>"; };
		162683572AFE620700E71764 /* StagingParameterView.swift */ = {isa = PBXFileReference; fileEncoding = 4; lastKnownFileType = sourcecode.swift; path = StagingParameterView.swift; sourceTree = "<group>"; };
		162683582AFE620700E71764 /* StagingView.swift */ = {isa = PBXFileReference; fileEncoding = 4; lastKnownFileType = sourcecode.swift; path = StagingView.swift; sourceTree = "<group>"; };
		162683592AFE620700E71764 /* StagingPhotoListView.swift */ = {isa = PBXFileReference; fileEncoding = 4; lastKnownFileType = sourcecode.swift; path = StagingPhotoListView.swift; sourceTree = "<group>"; };
		1626835E2AFE63F900E71764 /* StagingStatusView.swift */ = {isa = PBXFileReference; lastKnownFileType = sourcecode.swift; path = StagingStatusView.swift; sourceTree = "<group>"; };
		162683602AFE64A700E71764 /* WeaveStatus.swift */ = {isa = PBXFileReference; lastKnownFileType = sourcecode.swift; path = WeaveStatus.swift; sourceTree = "<group>"; };
/* End PBXFileReference section */

/* Begin PBXFrameworksBuildPhase section */
		162682E52AFD6E9300E71764 /* Frameworks */ = {
			isa = PBXFrameworksBuildPhase;
			buildActionMask = 2147483647;
			files = (
			);
			runOnlyForDeploymentPostprocessing = 0;
		};
		162682F62AFD6E9500E71764 /* Frameworks */ = {
			isa = PBXFrameworksBuildPhase;
			buildActionMask = 2147483647;
			files = (
			);
			runOnlyForDeploymentPostprocessing = 0;
		};
		162683002AFD6E9500E71764 /* Frameworks */ = {
			isa = PBXFrameworksBuildPhase;
			buildActionMask = 2147483647;
			files = (
			);
			runOnlyForDeploymentPostprocessing = 0;
		};
/* End PBXFrameworksBuildPhase section */

/* Begin PBXGroup section */
		162682DF2AFD6E9300E71764 = {
			isa = PBXGroup;
			children = (
				162682EA2AFD6E9300E71764 /* Printweave */,
				162682FC2AFD6E9500E71764 /* PrintweaveTests */,
				162683062AFD6E9500E71764 /* PrintweaveUITests */,
				162682E92AFD6E9300E71764 /* Products */,
			);
			sourceTree = "<group>";
		};
		162682E92AFD6E9300E71764 /* Products */ = {
			isa = PBXGroup;
			children = (
				162682E82AFD6E9300E71764 /* Printweave.app */,
				162682F92AFD6E9500E71764 /* PrintweaveTests.xctest */,
				162683032AFD6E9500E71764 /* PrintweaveUITests.xctest */,
			);
			name = Products;
			sourceTree = "<group>";
		};
		162682EA2AFD6E9300E71764 /* Printweave */ = {
			isa = PBXGroup;
			children = (
				162683172AFD75B400E71764 /* Resources */,
				162683162AFD75AD00E71764 /* Sources */,
			);
			path = Printweave;
			sourceTree = "<group>";
		};
		162682F22AFD6E9400E71764 /* Preview Content */ = {
			isa = PBXGroup;
			children = (
				1626833E2AFD9B7E00E71764 /* imgPreviewPhoto.jpg */,
				162682F32AFD6E9400E71764 /* Preview Assets.xcassets */,
			);
			path = "Preview Content";
			sourceTree = "<group>";
		};
		162682FC2AFD6E9500E71764 /* PrintweaveTests */ = {
			isa = PBXGroup;
			children = (
				162682FD2AFD6E9500E71764 /* PrintweaveTests.swift */,
			);
			path = PrintweaveTests;
			sourceTree = "<group>";
		};
		162683062AFD6E9500E71764 /* PrintweaveUITests */ = {
			isa = PBXGroup;
			children = (
				162683072AFD6E9500E71764 /* PrintweaveUITests.swift */,
				162683092AFD6E9500E71764 /* PrintweaveUITestsLaunchTests.swift */,
			);
			path = PrintweaveUITests;
			sourceTree = "<group>";
		};
		162683162AFD75AD00E71764 /* Sources */ = {
			isa = PBXGroup;
			children = (
				1626833B2AFD97EC00E71764 /* View Models */,
				162683342AFD8CF100E71764 /* Models */,
				1626832F2AFD8C5B00E71764 /* Views */,
				162682EB2AFD6E9300E71764 /* PrintweaveApp.swift */,
			);
			path = Sources;
			sourceTree = "<group>";
		};
		162683172AFD75B400E71764 /* Resources */ = {
			isa = PBXGroup;
			children = (
				162682EF2AFD6E9400E71764 /* Assets.xcassets */,
				162682F12AFD6E9400E71764 /* Printweave.entitlements */,
				162682F22AFD6E9400E71764 /* Preview Content */,
			);
			path = Resources;
			sourceTree = "<group>";
		};
		1626832F2AFD8C5B00E71764 /* Views */ = {
			isa = PBXGroup;
			children = (
				162683572AFE620700E71764 /* StagingParameterView.swift */,
				162683592AFE620700E71764 /* StagingPhotoListView.swift */,
				162683562AFE620700E71764 /* StagingPhotoContainerView.swift */,
				162683582AFE620700E71764 /* StagingView.swift */,
				1626835E2AFE63F900E71764 /* StagingStatusView.swift */,
			);
			path = Views;
			sourceTree = "<group>";
		};
		162683342AFD8CF100E71764 /* Models */ = {
			isa = PBXGroup;
			children = (
				1626834F2AFE61FF00E71764 /* LayoutParameters.swift */,
				1626834E2AFE61FF00E71764 /* Margin.swift */,
				162683512AFE61FF00E71764 /* Photo.swift */,
				162683502AFE61FF00E71764 /* PrintSize.swift */,
				162683602AFE64A700E71764 /* WeaveStatus.swift */,
			);
			path = Models;
			sourceTree = "<group>";
		};
		1626833B2AFD97EC00E71764 /* View Models */ = {
			isa = PBXGroup;
			children = (
				02EED6AA2B0175B800009BDA /* StagingViewModel.swift */,
			);
			path = "View Models";
			sourceTree = "<group>";
		};
/* End PBXGroup section */

/* Begin PBXNativeTarget section */
		162682E72AFD6E9300E71764 /* Printweave */ = {
			isa = PBXNativeTarget;
			buildConfigurationList = 1626830D2AFD6E9500E71764 /* Build configuration list for PBXNativeTarget "Printweave" */;
			buildPhases = (
				162682E42AFD6E9300E71764 /* Sources */,
				162682E52AFD6E9300E71764 /* Frameworks */,
				162682E62AFD6E9300E71764 /* Resources */,
			);
			buildRules = (
			);
			dependencies = (
			);
			name = Printweave;
			productName = Printweave;
			productReference = 162682E82AFD6E9300E71764 /* Printweave.app */;
			productType = "com.apple.product-type.application";
		};
		162682F82AFD6E9500E71764 /* PrintweaveTests */ = {
			isa = PBXNativeTarget;
			buildConfigurationList = 162683102AFD6E9500E71764 /* Build configuration list for PBXNativeTarget "PrintweaveTests" */;
			buildPhases = (
				162682F52AFD6E9500E71764 /* Sources */,
				162682F62AFD6E9500E71764 /* Frameworks */,
				162682F72AFD6E9500E71764 /* Resources */,
			);
			buildRules = (
			);
			dependencies = (
				162682FB2AFD6E9500E71764 /* PBXTargetDependency */,
			);
			name = PrintweaveTests;
			productName = PrintweaveTests;
			productReference = 162682F92AFD6E9500E71764 /* PrintweaveTests.xctest */;
			productType = "com.apple.product-type.bundle.unit-test";
		};
		162683022AFD6E9500E71764 /* PrintweaveUITests */ = {
			isa = PBXNativeTarget;
			buildConfigurationList = 162683132AFD6E9500E71764 /* Build configuration list for PBXNativeTarget "PrintweaveUITests" */;
			buildPhases = (
				162682FF2AFD6E9500E71764 /* Sources */,
				162683002AFD6E9500E71764 /* Frameworks */,
				162683012AFD6E9500E71764 /* Resources */,
			);
			buildRules = (
			);
			dependencies = (
				162683052AFD6E9500E71764 /* PBXTargetDependency */,
			);
			name = PrintweaveUITests;
			productName = PrintweaveUITests;
			productReference = 162683032AFD6E9500E71764 /* PrintweaveUITests.xctest */;
			productType = "com.apple.product-type.bundle.ui-testing";
		};
/* End PBXNativeTarget section */

/* Begin PBXProject section */
		162682E02AFD6E9300E71764 /* Project object */ = {
			isa = PBXProject;
			attributes = {
				BuildIndependentTargetsInParallel = 1;
				LastSwiftUpdateCheck = 1500;
				LastUpgradeCheck = 1500;
				TargetAttributes = {
					162682E72AFD6E9300E71764 = {
						CreatedOnToolsVersion = 15.0.1;
					};
					162682F82AFD6E9500E71764 = {
						CreatedOnToolsVersion = 15.0.1;
						TestTargetID = 162682E72AFD6E9300E71764;
					};
					162683022AFD6E9500E71764 = {
						CreatedOnToolsVersion = 15.0.1;
						TestTargetID = 162682E72AFD6E9300E71764;
					};
				};
			};
			buildConfigurationList = 162682E32AFD6E9300E71764 /* Build configuration list for PBXProject "Printweave" */;
			compatibilityVersion = "Xcode 14.0";
			developmentRegion = en;
			hasScannedForEncodings = 0;
			knownRegions = (
				en,
				Base,
			);
			mainGroup = 162682DF2AFD6E9300E71764;
			productRefGroup = 162682E92AFD6E9300E71764 /* Products */;
			projectDirPath = "";
			projectRoot = "";
			targets = (
				162682E72AFD6E9300E71764 /* Printweave */,
				162682F82AFD6E9500E71764 /* PrintweaveTests */,
				162683022AFD6E9500E71764 /* PrintweaveUITests */,
			);
		};
/* End PBXProject section */

/* Begin PBXResourcesBuildPhase section */
		162682E62AFD6E9300E71764 /* Resources */ = {
			isa = PBXResourcesBuildPhase;
			buildActionMask = 2147483647;
			files = (
				162682F42AFD6E9400E71764 /* Preview Assets.xcassets in Resources */,
				162682F02AFD6E9400E71764 /* Assets.xcassets in Resources */,
				1626833F2AFD9B7E00E71764 /* imgPreviewPhoto.jpg in Resources */,
			);
			runOnlyForDeploymentPostprocessing = 0;
		};
		162682F72AFD6E9500E71764 /* Resources */ = {
			isa = PBXResourcesBuildPhase;
			buildActionMask = 2147483647;
			files = (
			);
			runOnlyForDeploymentPostprocessing = 0;
		};
		162683012AFD6E9500E71764 /* Resources */ = {
			isa = PBXResourcesBuildPhase;
			buildActionMask = 2147483647;
			files = (
			);
			runOnlyForDeploymentPostprocessing = 0;
		};
/* End PBXResourcesBuildPhase section */

/* Begin PBXSourcesBuildPhase section */
		162682E42AFD6E9300E71764 /* Sources */ = {
			isa = PBXSourcesBuildPhase;
			buildActionMask = 2147483647;
			files = (
				1626835A2AFE620700E71764 /* StagingPhotoContainerView.swift in Sources */,
				1626835B2AFE620700E71764 /* StagingParameterView.swift in Sources */,
				162682EC2AFD6E9300E71764 /* PrintweaveApp.swift in Sources */,
				1626835C2AFE620700E71764 /* StagingView.swift in Sources */,
				162683612AFE64A700E71764 /* WeaveStatus.swift in Sources */,
				162683542AFE61FF00E71764 /* PrintSize.swift in Sources */,
				162683552AFE61FF00E71764 /* Photo.swift in Sources */,
				02EED6AB2B0175B800009BDA /* StagingViewModel.swift in Sources */,
				162683522AFE61FF00E71764 /* Margin.swift in Sources */,
				1626835D2AFE620700E71764 /* StagingPhotoListView.swift in Sources */,
				162683532AFE61FF00E71764 /* LayoutParameters.swift in Sources */,
				1626835F2AFE63F900E71764 /* StagingStatusView.swift in Sources */,
			);
			runOnlyForDeploymentPostprocessing = 0;
		};
		162682F52AFD6E9500E71764 /* Sources */ = {
			isa = PBXSourcesBuildPhase;
			buildActionMask = 2147483647;
			files = (
				162682FE2AFD6E9500E71764 /* PrintweaveTests.swift in Sources */,
			);
			runOnlyForDeploymentPostprocessing = 0;
		};
		162682FF2AFD6E9500E71764 /* Sources */ = {
			isa = PBXSourcesBuildPhase;
			buildActionMask = 2147483647;
			files = (
				162683082AFD6E9500E71764 /* PrintweaveUITests.swift in Sources */,
				1626830A2AFD6E9500E71764 /* PrintweaveUITestsLaunchTests.swift in Sources */,
			);
			runOnlyForDeploymentPostprocessing = 0;
		};
/* End PBXSourcesBuildPhase section */

/* Begin PBXTargetDependency section */
		162682FB2AFD6E9500E71764 /* PBXTargetDependency */ = {
			isa = PBXTargetDependency;
			target = 162682E72AFD6E9300E71764 /* Printweave */;
			targetProxy = 162682FA2AFD6E9500E71764 /* PBXContainerItemProxy */;
		};
		162683052AFD6E9500E71764 /* PBXTargetDependency */ = {
			isa = PBXTargetDependency;
			target = 162682E72AFD6E9300E71764 /* Printweave */;
			targetProxy = 162683042AFD6E9500E71764 /* PBXContainerItemProxy */;
		};
/* End PBXTargetDependency section */

/* Begin XCBuildConfiguration section */
		1626830B2AFD6E9500E71764 /* Debug */ = {
			isa = XCBuildConfiguration;
			buildSettings = {
				ALWAYS_SEARCH_USER_PATHS = NO;
				ASSETCATALOG_COMPILER_GENERATE_SWIFT_ASSET_SYMBOL_EXTENSIONS = YES;
				CLANG_ANALYZER_NONNULL = YES;
				CLANG_ANALYZER_NUMBER_OBJECT_CONVERSION = YES_AGGRESSIVE;
				CLANG_CXX_LANGUAGE_STANDARD = "gnu++20";
				CLANG_ENABLE_MODULES = YES;
				CLANG_ENABLE_OBJC_ARC = YES;
				CLANG_ENABLE_OBJC_WEAK = YES;
				CLANG_WARN_BLOCK_CAPTURE_AUTORELEASING = YES;
				CLANG_WARN_BOOL_CONVERSION = YES;
				CLANG_WARN_COMMA = YES;
				CLANG_WARN_CONSTANT_CONVERSION = YES;
				CLANG_WARN_DEPRECATED_OBJC_IMPLEMENTATIONS = YES;
				CLANG_WARN_DIRECT_OBJC_ISA_USAGE = YES_ERROR;
				CLANG_WARN_DOCUMENTATION_COMMENTS = YES;
				CLANG_WARN_EMPTY_BODY = YES;
				CLANG_WARN_ENUM_CONVERSION = YES;
				CLANG_WARN_INFINITE_RECURSION = YES;
				CLANG_WARN_INT_CONVERSION = YES;
				CLANG_WARN_NON_LITERAL_NULL_CONVERSION = YES;
				CLANG_WARN_OBJC_IMPLICIT_RETAIN_SELF = YES;
				CLANG_WARN_OBJC_LITERAL_CONVERSION = YES;
				CLANG_WARN_OBJC_ROOT_CLASS = YES_ERROR;
				CLANG_WARN_QUOTED_INCLUDE_IN_FRAMEWORK_HEADER = YES;
				CLANG_WARN_RANGE_LOOP_ANALYSIS = YES;
				CLANG_WARN_STRICT_PROTOTYPES = YES;
				CLANG_WARN_SUSPICIOUS_MOVE = YES;
				CLANG_WARN_UNGUARDED_AVAILABILITY = YES_AGGRESSIVE;
				CLANG_WARN_UNREACHABLE_CODE = YES;
				CLANG_WARN__DUPLICATE_METHOD_MATCH = YES;
				COPY_PHASE_STRIP = NO;
				DEBUG_INFORMATION_FORMAT = dwarf;
				ENABLE_STRICT_OBJC_MSGSEND = YES;
				ENABLE_TESTABILITY = YES;
				ENABLE_USER_SCRIPT_SANDBOXING = YES;
				GCC_C_LANGUAGE_STANDARD = gnu17;
				GCC_DYNAMIC_NO_PIC = NO;
				GCC_NO_COMMON_BLOCKS = YES;
				GCC_OPTIMIZATION_LEVEL = 0;
				GCC_PREPROCESSOR_DEFINITIONS = (
					"DEBUG=1",
					"$(inherited)",
				);
				GCC_WARN_64_TO_32_BIT_CONVERSION = YES;
				GCC_WARN_ABOUT_RETURN_TYPE = YES_ERROR;
				GCC_WARN_UNDECLARED_SELECTOR = YES;
				GCC_WARN_UNINITIALIZED_AUTOS = YES_AGGRESSIVE;
				GCC_WARN_UNUSED_FUNCTION = YES;
				GCC_WARN_UNUSED_VARIABLE = YES;
				LOCALIZATION_PREFERS_STRING_CATALOGS = YES;
				MTL_ENABLE_DEBUG_INFO = INCLUDE_SOURCE;
				MTL_FAST_MATH = YES;
				ONLY_ACTIVE_ARCH = YES;
				SWIFT_ACTIVE_COMPILATION_CONDITIONS = "DEBUG $(inherited)";
				SWIFT_OPTIMIZATION_LEVEL = "-Onone";
			};
			name = Debug;
		};
		1626830C2AFD6E9500E71764 /* Release */ = {
			isa = XCBuildConfiguration;
			buildSettings = {
				ALWAYS_SEARCH_USER_PATHS = NO;
				ASSETCATALOG_COMPILER_GENERATE_SWIFT_ASSET_SYMBOL_EXTENSIONS = YES;
				CLANG_ANALYZER_NONNULL = YES;
				CLANG_ANALYZER_NUMBER_OBJECT_CONVERSION = YES_AGGRESSIVE;
				CLANG_CXX_LANGUAGE_STANDARD = "gnu++20";
				CLANG_ENABLE_MODULES = YES;
				CLANG_ENABLE_OBJC_ARC = YES;
				CLANG_ENABLE_OBJC_WEAK = YES;
				CLANG_WARN_BLOCK_CAPTURE_AUTORELEASING = YES;
				CLANG_WARN_BOOL_CONVERSION = YES;
				CLANG_WARN_COMMA = YES;
				CLANG_WARN_CONSTANT_CONVERSION = YES;
				CLANG_WARN_DEPRECATED_OBJC_IMPLEMENTATIONS = YES;
				CLANG_WARN_DIRECT_OBJC_ISA_USAGE = YES_ERROR;
				CLANG_WARN_DOCUMENTATION_COMMENTS = YES;
				CLANG_WARN_EMPTY_BODY = YES;
				CLANG_WARN_ENUM_CONVERSION = YES;
				CLANG_WARN_INFINITE_RECURSION = YES;
				CLANG_WARN_INT_CONVERSION = YES;
				CLANG_WARN_NON_LITERAL_NULL_CONVERSION = YES;
				CLANG_WARN_OBJC_IMPLICIT_RETAIN_SELF = YES;
				CLANG_WARN_OBJC_LITERAL_CONVERSION = YES;
				CLANG_WARN_OBJC_ROOT_CLASS = YES_ERROR;
				CLANG_WARN_QUOTED_INCLUDE_IN_FRAMEWORK_HEADER = YES;
				CLANG_WARN_RANGE_LOOP_ANALYSIS = YES;
				CLANG_WARN_STRICT_PROTOTYPES = YES;
				CLANG_WARN_SUSPICIOUS_MOVE = YES;
				CLANG_WARN_UNGUARDED_AVAILABILITY = YES_AGGRESSIVE;
				CLANG_WARN_UNREACHABLE_CODE = YES;
				CLANG_WARN__DUPLICATE_METHOD_MATCH = YES;
				COPY_PHASE_STRIP = NO;
				DEBUG_INFORMATION_FORMAT = "dwarf-with-dsym";
				ENABLE_NS_ASSERTIONS = NO;
				ENABLE_STRICT_OBJC_MSGSEND = YES;
				ENABLE_USER_SCRIPT_SANDBOXING = YES;
				GCC_C_LANGUAGE_STANDARD = gnu17;
				GCC_NO_COMMON_BLOCKS = YES;
				GCC_WARN_64_TO_32_BIT_CONVERSION = YES;
				GCC_WARN_ABOUT_RETURN_TYPE = YES_ERROR;
				GCC_WARN_UNDECLARED_SELECTOR = YES;
				GCC_WARN_UNINITIALIZED_AUTOS = YES_AGGRESSIVE;
				GCC_WARN_UNUSED_FUNCTION = YES;
				GCC_WARN_UNUSED_VARIABLE = YES;
				LOCALIZATION_PREFERS_STRING_CATALOGS = YES;
				MTL_ENABLE_DEBUG_INFO = NO;
				MTL_FAST_MATH = YES;
				SWIFT_COMPILATION_MODE = wholemodule;
			};
			name = Release;
		};
		1626830E2AFD6E9500E71764 /* Debug */ = {
			isa = XCBuildConfiguration;
			buildSettings = {
				ASSETCATALOG_COMPILER_APPICON_NAME = AppIcon;
				ASSETCATALOG_COMPILER_GLOBAL_ACCENT_COLOR_NAME = AccentColor;
				CODE_SIGN_ENTITLEMENTS = Printweave/Resources/Printweave.entitlements;
				CODE_SIGN_STYLE = Automatic;
				CURRENT_PROJECT_VERSION = 1;
				DEVELOPMENT_ASSET_PATHS = "\"Printweave/Resources/Preview Content\"";
				ENABLE_PREVIEWS = YES;
				GENERATE_INFOPLIST_FILE = YES;
				"INFOPLIST_KEY_UIApplicationSceneManifest_Generation[sdk=iphoneos*]" = YES;
				"INFOPLIST_KEY_UIApplicationSceneManifest_Generation[sdk=iphonesimulator*]" = YES;
				"INFOPLIST_KEY_UIApplicationSupportsIndirectInputEvents[sdk=iphoneos*]" = YES;
				"INFOPLIST_KEY_UIApplicationSupportsIndirectInputEvents[sdk=iphonesimulator*]" = YES;
				"INFOPLIST_KEY_UILaunchScreen_Generation[sdk=iphoneos*]" = YES;
				"INFOPLIST_KEY_UILaunchScreen_Generation[sdk=iphonesimulator*]" = YES;
				"INFOPLIST_KEY_UIStatusBarStyle[sdk=iphoneos*]" = UIStatusBarStyleDefault;
				"INFOPLIST_KEY_UIStatusBarStyle[sdk=iphonesimulator*]" = UIStatusBarStyleDefault;
				INFOPLIST_KEY_UISupportedInterfaceOrientations_iPad = "UIInterfaceOrientationPortrait UIInterfaceOrientationPortraitUpsideDown UIInterfaceOrientationLandscapeLeft UIInterfaceOrientationLandscapeRight";
				INFOPLIST_KEY_UISupportedInterfaceOrientations_iPhone = "UIInterfaceOrientationPortrait UIInterfaceOrientationLandscapeLeft UIInterfaceOrientationLandscapeRight";
				IPHONEOS_DEPLOYMENT_TARGET = 17.0;
				LD_RUNPATH_SEARCH_PATHS = "@executable_path/Frameworks";
				"LD_RUNPATH_SEARCH_PATHS[sdk=macosx*]" = "@executable_path/../Frameworks";
				MACOSX_DEPLOYMENT_TARGET = 14.0;
				MARKETING_VERSION = 1.0;
				PRODUCT_BUNDLE_IDENTIFIER = "uk.co.jacob-king.Printweave";
				PRODUCT_NAME = "$(TARGET_NAME)";
				SDKROOT = auto;
				SUPPORTED_PLATFORMS = "iphoneos iphonesimulator macosx";
				SWIFT_EMIT_LOC_STRINGS = YES;
				SWIFT_VERSION = 5.0;
				TARGETED_DEVICE_FAMILY = "1,2";
			};
			name = Debug;
		};
		1626830F2AFD6E9500E71764 /* Release */ = {
			isa = XCBuildConfiguration;
			buildSettings = {
				ASSETCATALOG_COMPILER_APPICON_NAME = AppIcon;
				ASSETCATALOG_COMPILER_GLOBAL_ACCENT_COLOR_NAME = AccentColor;
				CODE_SIGN_ENTITLEMENTS = Printweave/Resources/Printweave.entitlements;
				CODE_SIGN_STYLE = Automatic;
				CURRENT_PROJECT_VERSION = 1;
				DEVELOPMENT_ASSET_PATHS = "\"Printweave/Resources/Preview Content\"";
				ENABLE_PREVIEWS = YES;
				GENERATE_INFOPLIST_FILE = YES;
				"INFOPLIST_KEY_UIApplicationSceneManifest_Generation[sdk=iphoneos*]" = YES;
				"INFOPLIST_KEY_UIApplicationSceneManifest_Generation[sdk=iphonesimulator*]" = YES;
				"INFOPLIST_KEY_UIApplicationSupportsIndirectInputEvents[sdk=iphoneos*]" = YES;
				"INFOPLIST_KEY_UIApplicationSupportsIndirectInputEvents[sdk=iphonesimulator*]" = YES;
				"INFOPLIST_KEY_UILaunchScreen_Generation[sdk=iphoneos*]" = YES;
				"INFOPLIST_KEY_UILaunchScreen_Generation[sdk=iphonesimulator*]" = YES;
				"INFOPLIST_KEY_UIStatusBarStyle[sdk=iphoneos*]" = UIStatusBarStyleDefault;
				"INFOPLIST_KEY_UIStatusBarStyle[sdk=iphonesimulator*]" = UIStatusBarStyleDefault;
				INFOPLIST_KEY_UISupportedInterfaceOrientations_iPad = "UIInterfaceOrientationPortrait UIInterfaceOrientationPortraitUpsideDown UIInterfaceOrientationLandscapeLeft UIInterfaceOrientationLandscapeRight";
				INFOPLIST_KEY_UISupportedInterfaceOrientations_iPhone = "UIInterfaceOrientationPortrait UIInterfaceOrientationLandscapeLeft UIInterfaceOrientationLandscapeRight";
				IPHONEOS_DEPLOYMENT_TARGET = 17.0;
				LD_RUNPATH_SEARCH_PATHS = "@executable_path/Frameworks";
				"LD_RUNPATH_SEARCH_PATHS[sdk=macosx*]" = "@executable_path/../Frameworks";
				MACOSX_DEPLOYMENT_TARGET = 14.0;
				MARKETING_VERSION = 1.0;
				PRODUCT_BUNDLE_IDENTIFIER = "uk.co.jacob-king.Printweave";
				PRODUCT_NAME = "$(TARGET_NAME)";
				SDKROOT = auto;
				SUPPORTED_PLATFORMS = "iphoneos iphonesimulator macosx";
				SWIFT_EMIT_LOC_STRINGS = YES;
				SWIFT_VERSION = 5.0;
				TARGETED_DEVICE_FAMILY = "1,2";
			};
			name = Release;
		};
		162683112AFD6E9500E71764 /* Debug */ = {
			isa = XCBuildConfiguration;
			buildSettings = {
				ALWAYS_EMBED_SWIFT_STANDARD_LIBRARIES = YES;
				BUNDLE_LOADER = "$(TEST_HOST)";
				CODE_SIGN_STYLE = Automatic;
				CURRENT_PROJECT_VERSION = 1;
				GENERATE_INFOPLIST_FILE = YES;
				IPHONEOS_DEPLOYMENT_TARGET = 17.0;
				MACOSX_DEPLOYMENT_TARGET = 14.0;
				MARKETING_VERSION = 1.0;
				PRODUCT_BUNDLE_IDENTIFIER = "uk.co.jacob-king.PrintweaveTests";
				PRODUCT_NAME = "$(TARGET_NAME)";
				SDKROOT = auto;
				SUPPORTED_PLATFORMS = "iphoneos iphonesimulator macosx";
				SWIFT_EMIT_LOC_STRINGS = NO;
				SWIFT_VERSION = 5.0;
				TARGETED_DEVICE_FAMILY = "1,2";
				TEST_HOST = "$(BUILT_PRODUCTS_DIR)/Printweave.app/$(BUNDLE_EXECUTABLE_FOLDER_PATH)/Printweave";
			};
			name = Debug;
		};
		162683122AFD6E9500E71764 /* Release */ = {
			isa = XCBuildConfiguration;
			buildSettings = {
				ALWAYS_EMBED_SWIFT_STANDARD_LIBRARIES = YES;
				BUNDLE_LOADER = "$(TEST_HOST)";
				CODE_SIGN_STYLE = Automatic;
				CURRENT_PROJECT_VERSION = 1;
				GENERATE_INFOPLIST_FILE = YES;
				IPHONEOS_DEPLOYMENT_TARGET = 17.0;
				MACOSX_DEPLOYMENT_TARGET = 14.0;
				MARKETING_VERSION = 1.0;
				PRODUCT_BUNDLE_IDENTIFIER = "uk.co.jacob-king.PrintweaveTests";
				PRODUCT_NAME = "$(TARGET_NAME)";
				SDKROOT = auto;
				SUPPORTED_PLATFORMS = "iphoneos iphonesimulator macosx";
				SWIFT_EMIT_LOC_STRINGS = NO;
				SWIFT_VERSION = 5.0;
				TARGETED_DEVICE_FAMILY = "1,2";
				TEST_HOST = "$(BUILT_PRODUCTS_DIR)/Printweave.app/$(BUNDLE_EXECUTABLE_FOLDER_PATH)/Printweave";
			};
			name = Release;
		};
		162683142AFD6E9500E71764 /* Debug */ = {
			isa = XCBuildConfiguration;
			buildSettings = {
				ALWAYS_EMBED_SWIFT_STANDARD_LIBRARIES = YES;
				CODE_SIGN_STYLE = Automatic;
				CURRENT_PROJECT_VERSION = 1;
				GENERATE_INFOPLIST_FILE = YES;
				IPHONEOS_DEPLOYMENT_TARGET = 17.0;
				MACOSX_DEPLOYMENT_TARGET = 14.0;
				MARKETING_VERSION = 1.0;
				PRODUCT_BUNDLE_IDENTIFIER = "uk.co.jacob-king.PrintweaveUITests";
				PRODUCT_NAME = "$(TARGET_NAME)";
				SDKROOT = auto;
				SUPPORTED_PLATFORMS = "iphoneos iphonesimulator macosx";
				SWIFT_EMIT_LOC_STRINGS = NO;
				SWIFT_VERSION = 5.0;
				TARGETED_DEVICE_FAMILY = "1,2";
				TEST_TARGET_NAME = Printweave;
			};
			name = Debug;
		};
		162683152AFD6E9500E71764 /* Release */ = {
			isa = XCBuildConfiguration;
			buildSettings = {
				ALWAYS_EMBED_SWIFT_STANDARD_LIBRARIES = YES;
				CODE_SIGN_STYLE = Automatic;
				CURRENT_PROJECT_VERSION = 1;
				GENERATE_INFOPLIST_FILE = YES;
				IPHONEOS_DEPLOYMENT_TARGET = 17.0;
				MACOSX_DEPLOYMENT_TARGET = 14.0;
				MARKETING_VERSION = 1.0;
				PRODUCT_BUNDLE_IDENTIFIER = "uk.co.jacob-king.PrintweaveUITests";
				PRODUCT_NAME = "$(TARGET_NAME)";
				SDKROOT = auto;
				SUPPORTED_PLATFORMS = "iphoneos iphonesimulator macosx";
				SWIFT_EMIT_LOC_STRINGS = NO;
				SWIFT_VERSION = 5.0;
				TARGETED_DEVICE_FAMILY = "1,2";
				TEST_TARGET_NAME = Printweave;
			};
			name = Release;
		};
/* End XCBuildConfiguration section */

/* Begin XCConfigurationList section */
		162682E32AFD6E9300E71764 /* Build configuration list for PBXProject "Printweave" */ = {
			isa = XCConfigurationList;
			buildConfigurations = (
				1626830B2AFD6E9500E71764 /* Debug */,
				1626830C2AFD6E9500E71764 /* Release */,
			);
			defaultConfigurationIsVisible = 0;
			defaultConfigurationName = Release;
		};
		1626830D2AFD6E9500E71764 /* Build configuration list for PBXNativeTarget "Printweave" */ = {
			isa = XCConfigurationList;
			buildConfigurations = (
				1626830E2AFD6E9500E71764 /* Debug */,
				1626830F2AFD6E9500E71764 /* Release */,
			);
			defaultConfigurationIsVisible = 0;
			defaultConfigurationName = Release;
		};
		162683102AFD6E9500E71764 /* Build configuration list for PBXNativeTarget "PrintweaveTests" */ = {
			isa = XCConfigurationList;
			buildConfigurations = (
				162683112AFD6E9500E71764 /* Debug */,
				162683122AFD6E9500E71764 /* Release */,
			);
			defaultConfigurationIsVisible = 0;
			defaultConfigurationName = Release;
		};
		162683132AFD6E9500E71764 /* Build configuration list for PBXNativeTarget "PrintweaveUITests" */ = {
			isa = XCConfigurationList;
			buildConfigurations = (
				162683142AFD6E9500E71764 /* Debug */,
				162683152AFD6E9500E71764 /* Release */,
			);
			defaultConfigurationIsVisible = 0;
			defaultConfigurationName = Release;
		};
/* End XCConfigurationList section */
	};
	rootObject = 162682E02AFD6E9300E71764 /* Project object */;
}
